
Microsoft Visual Studio Solution File, Format Version 12.00
# Visual Studio 14
VisualStudioVersion = 14.0.25420.1
MinimumVisualStudioVersion = 10.0.40219.1
Project("{FAE04EC0-301F-11D3-BF4B-00C04F79EFBC}") = "Hubot-MSGroupChatAdapterService", "Hubot-MSGroupChatAdapterService\Hubot-MSGroupChatAdapterService.csproj", "{8E260E43-3323-4457-971C-4554B7D9FB31}"
EndProject
Global
	GlobalSection(SolutionConfigurationPlatforms) = preSolution
		Debug|Any CPU = Debug|Any CPU
		Release|Any CPU = Release|Any CPU
	EndGlobalSection
	GlobalSection(ProjectConfigurationPlatforms) = postSolution
		{8E260E43-3323-4457-971C-4554B7D9FB31}.Debug|Any CPU.ActiveCfg = Debug|Any CPU
		{8E260E43-3323-4457-971C-4554B7D9FB31}.Debug|Any CPU.Build.0 = Debug|Any CPU
		{8E260E43-3323-4457-971C-4554B7D9FB31}.Release|Any CPU.ActiveCfg = Release|Any CPU
		{8E260E43-3323-4457-971C-4554B7D9FB31}.Release|Any CPU.Build.0 = Release|Any CPU
	EndGlobalSection
	GlobalSection(SolutionProperties) = preSolution
		HideSolutionNode = FALSE
	EndGlobalSection
EndGlobal
